
Microsoft Visual Studio Solution File, Format Version 12.00
# Visual Studio 2013
VisualStudioVersion = 12.0.30324.0
MinimumVisualStudioVersion = 10.0.40219.1
Project("{FAE04EC0-301F-11D3-BF4B-00C04F79EFBC}") = "DoIHaveGPS", "DoIHaveGPS\DoIHaveGPS.csproj", "{FA1FD2BE-FB25-4350-81F9-87F564207675}"
EndProject
Project("{2150E333-8FDC-42A3-9474-1A3956D46DE8}") = "PublishScripts", "PublishScripts", "{EB2156BB-F95E-4C86-B0E7-415345BBDB25}"
	ProjectSection(SolutionItems) = preProject
		PublishScripts\AzureWebAppPublishModule.psm1 = PublishScripts\AzureWebAppPublishModule.psm1
		PublishScripts\Publish-WebApplication.ps1 = PublishScripts\Publish-WebApplication.ps1
	EndProjectSection
EndProject
Project("{2150E333-8FDC-42A3-9474-1A3956D46DE8}") = "Configurations", "Configurations", "{98949D42-5EAF-4B65-BA75-C54BCD038F1E}"
	ProjectSection(SolutionItems) = preProject
		PublishScripts\Configurations\DoIHaveGPS-WAWS-dev.json = PublishScripts\Configurations\DoIHaveGPS-WAWS-dev.json
	EndProjectSection
EndProject
Global
	GlobalSection(SolutionConfigurationPlatforms) = preSolution
		Debug|Any CPU = Debug|Any CPU
		Release|Any CPU = Release|Any CPU
	EndGlobalSection
	GlobalSection(ProjectConfigurationPlatforms) = postSolution
		{FA1FD2BE-FB25-4350-81F9-87F564207675}.Debug|Any CPU.ActiveCfg = Debug|Any CPU
		{FA1FD2BE-FB25-4350-81F9-87F564207675}.Debug|Any CPU.Build.0 = Debug|Any CPU
		{FA1FD2BE-FB25-4350-81F9-87F564207675}.Release|Any CPU.ActiveCfg = Release|Any CPU
		{FA1FD2BE-FB25-4350-81F9-87F564207675}.Release|Any CPU.Build.0 = Release|Any CPU
	EndGlobalSection
	GlobalSection(SolutionProperties) = preSolution
		HideSolutionNode = FALSE
	EndGlobalSection
	GlobalSection(NestedProjects) = preSolution
		{98949D42-5EAF-4B65-BA75-C54BCD038F1E} = {EB2156BB-F95E-4C86-B0E7-415345BBDB25}
	EndGlobalSection
EndGlobal
